// !$*UTF8*$!
{
	archiveVersion = 1;
	classes = {
	};
	objectVersion = 50;
	objects = {

/* Begin PBXBuildFile section */
		10EDC23442ADEBA243701DB5 /* Pods_Collection.framework in Frameworks */ = {isa = PBXBuildFile; fileRef = 47243EDD53FBD0A5BBEA3DF9 /* Pods_Collection.framework */; settings = {ATTRIBUTES = (Weak, ); }; };
		3218876520934959000AF559 /* User.swift in Sources */ = {isa = PBXBuildFile; fileRef = 3218876420934959000AF559 /* User.swift */; };
		324F42662092FE4300325B75 /* LoginViewController.swift in Sources */ = {isa = PBXBuildFile; fileRef = 324F42652092FE4300325B75 /* LoginViewController.swift */; };
		324F42682093036300325B75 /* manageFire.swift in Sources */ = {isa = PBXBuildFile; fileRef = 324F42672093036300325B75 /* manageFire.swift */; };
		324F426C2093227000325B75 /* RegisterViewController.swift in Sources */ = {isa = PBXBuildFile; fileRef = 324F426B2093227000325B75 /* RegisterViewController.swift */; };
		325ECA5D208E3BE700FFDAD7 /* AppDelegate.swift in Sources */ = {isa = PBXBuildFile; fileRef = 325ECA5C208E3BE700FFDAD7 /* AppDelegate.swift */; };
		325ECA5F208E3BE700FFDAD7 /* ViewController.swift in Sources */ = {isa = PBXBuildFile; fileRef = 325ECA5E208E3BE700FFDAD7 /* ViewController.swift */; };
		325ECA62208E3BE700FFDAD7 /* Main.storyboard in Resources */ = {isa = PBXBuildFile; fileRef = 325ECA60208E3BE700FFDAD7 /* Main.storyboard */; };
		325ECA64208E3BE800FFDAD7 /* Assets.xcassets in Resources */ = {isa = PBXBuildFile; fileRef = 325ECA63208E3BE800FFDAD7 /* Assets.xcassets */; };
		325ECA67208E3BE800FFDAD7 /* LaunchScreen.storyboard in Resources */ = {isa = PBXBuildFile; fileRef = 325ECA65208E3BE800FFDAD7 /* LaunchScreen.storyboard */; };
		325ECA72208E3BE800FFDAD7 /* CollectionTests.swift in Sources */ = {isa = PBXBuildFile; fileRef = 325ECA71208E3BE800FFDAD7 /* CollectionTests.swift */; };
		325ECA7D208E3BE900FFDAD7 /* CollectionUITests.swift in Sources */ = {isa = PBXBuildFile; fileRef = 325ECA7C208E3BE900FFDAD7 /* CollectionUITests.swift */; };
		325ECA8B208E44EB00FFDAD7 /* Collection.swift in Sources */ = {isa = PBXBuildFile; fileRef = 325ECA8A208E44EB00FFDAD7 /* Collection.swift */; };
		325ECA8D208E472C00FFDAD7 /* CollectionTableViewCell.swift in Sources */ = {isa = PBXBuildFile; fileRef = 325ECA8C208E472C00FFDAD7 /* CollectionTableViewCell.swift */; };
		325ECA8F208E650300FFDAD7 /* CollectionViewController.swift in Sources */ = {isa = PBXBuildFile; fileRef = 325ECA8E208E650300FFDAD7 /* CollectionViewController.swift */; };
		325ECA91208E824500FFDAD7 /* ManageData.swift in Sources */ = {isa = PBXBuildFile; fileRef = 325ECA90208E824500FFDAD7 /* ManageData.swift */; };
		326EDE6B2095C52600C032C4 /* CheckInternet.swift in Sources */ = {isa = PBXBuildFile; fileRef = 326EDE6A2095C52600C032C4 /* CheckInternet.swift */; };
		32C4B4D42091FE65005A6449 /* DetailViewController.swift in Sources */ = {isa = PBXBuildFile; fileRef = 32C4B4D32091FE65005A6449 /* DetailViewController.swift */; };
		32C4B4D620920E17005A6449 /* GoogleService-Info.plist in Resources */ = {isa = PBXBuildFile; fileRef = 32C4B4D520920E17005A6449 /* GoogleService-Info.plist */; };
		32D2440C2095FC1400A5D60B /* LoadViewController.swift in Sources */ = {isa = PBXBuildFile; fileRef = 32D2440B2095FC1400A5D60B /* LoadViewController.swift */; };
		5ACCE57AF89CF30733A0A558 /* Pods_CollectionTests.framework in Frameworks */ = {isa = PBXBuildFile; fileRef = 4E65739B887589AED91BDA77 /* Pods_CollectionTests.framework */; };
		FA23C8EEED1227C998B892C9 /* Pods_CollectionUITests.framework in Frameworks */ = {isa = PBXBuildFile; fileRef = C7E62884AF8CA6058A9D97F2 /* Pods_CollectionUITests.framework */; };
/* End PBXBuildFile section */

/* Begin PBXContainerItemProxy section */
		325ECA6E208E3BE800FFDAD7 /* PBXContainerItemProxy */ = {
			isa = PBXContainerItemProxy;
			containerPortal = 325ECA51208E3BE700FFDAD7 /* Project object */;
			proxyType = 1;
			remoteGlobalIDString = 325ECA58208E3BE700FFDAD7;
			remoteInfo = Collection;
		};
		325ECA79208E3BE900FFDAD7 /* PBXContainerItemProxy */ = {
			isa = PBXContainerItemProxy;
			containerPortal = 325ECA51208E3BE700FFDAD7 /* Project object */;
			proxyType = 1;
			remoteGlobalIDString = 325ECA58208E3BE700FFDAD7;
			remoteInfo = Collection;
		};
/* End PBXContainerItemProxy section */

/* Begin PBXFileReference section */
		119F4FE34225B0055DBC6BA4 /* Pods-CollectionTests.release.xcconfig */ = {isa = PBXFileReference; includeInIndex = 1; lastKnownFileType = text.xcconfig; name = "Pods-CollectionTests.release.xcconfig"; path = "Pods/Target Support Files/Pods-CollectionTests/Pods-CollectionTests.release.xcconfig"; sourceTree = "<group>"; };
		3218876420934959000AF559 /* User.swift */ = {isa = PBXFileReference; lastKnownFileType = sourcecode.swift; path = User.swift; sourceTree = "<group>"; };
		324F42652092FE4300325B75 /* LoginViewController.swift */ = {isa = PBXFileReference; lastKnownFileType = sourcecode.swift; path = LoginViewController.swift; sourceTree = "<group>"; };
		324F42672093036300325B75 /* manageFire.swift */ = {isa = PBXFileReference; lastKnownFileType = sourcecode.swift; path = manageFire.swift; sourceTree = "<group>"; };
		324F426B2093227000325B75 /* RegisterViewController.swift */ = {isa = PBXFileReference; lastKnownFileType = sourcecode.swift; path = RegisterViewController.swift; sourceTree = "<group>"; };
		325ECA59208E3BE700FFDAD7 /* Collection.app */ = {isa = PBXFileReference; explicitFileType = wrapper.application; includeInIndex = 0; path = Collection.app; sourceTree = BUILT_PRODUCTS_DIR; };
		325ECA5C208E3BE700FFDAD7 /* AppDelegate.swift */ = {isa = PBXFileReference; lastKnownFileType = sourcecode.swift; path = AppDelegate.swift; sourceTree = "<group>"; };
		325ECA5E208E3BE700FFDAD7 /* ViewController.swift */ = {isa = PBXFileReference; lastKnownFileType = sourcecode.swift; path = ViewController.swift; sourceTree = "<group>"; };
		325ECA61208E3BE700FFDAD7 /* Base */ = {isa = PBXFileReference; lastKnownFileType = file.storyboard; name = Base; path = Base.lproj/Main.storyboard; sourceTree = "<group>"; };
		325ECA63208E3BE800FFDAD7 /* Assets.xcassets */ = {isa = PBXFileReference; lastKnownFileType = folder.assetcatalog; path = Assets.xcassets; sourceTree = "<group>"; };
		325ECA66208E3BE800FFDAD7 /* Base */ = {isa = PBXFileReference; lastKnownFileType = file.storyboard; name = Base; path = Base.lproj/LaunchScreen.storyboard; sourceTree = "<group>"; };
		325ECA68208E3BE800FFDAD7 /* Info.plist */ = {isa = PBXFileReference; lastKnownFileType = text.plist.xml; path = Info.plist; sourceTree = "<group>"; };
		325ECA6D208E3BE800FFDAD7 /* CollectionTests.xctest */ = {isa = PBXFileReference; explicitFileType = wrapper.cfbundle; includeInIndex = 0; path = CollectionTests.xctest; sourceTree = BUILT_PRODUCTS_DIR; };
		325ECA71208E3BE800FFDAD7 /* CollectionTests.swift */ = {isa = PBXFileReference; lastKnownFileType = sourcecode.swift; path = CollectionTests.swift; sourceTree = "<group>"; };
		325ECA73208E3BE900FFDAD7 /* Info.plist */ = {isa = PBXFileReference; lastKnownFileType = text.plist.xml; path = Info.plist; sourceTree = "<group>"; };
		325ECA78208E3BE900FFDAD7 /* CollectionUITests.xctest */ = {isa = PBXFileReference; explicitFileType = wrapper.cfbundle; includeInIndex = 0; path = CollectionUITests.xctest; sourceTree = BUILT_PRODUCTS_DIR; };
		325ECA7C208E3BE900FFDAD7 /* CollectionUITests.swift */ = {isa = PBXFileReference; lastKnownFileType = sourcecode.swift; path = CollectionUITests.swift; sourceTree = "<group>"; };
		325ECA7E208E3BE900FFDAD7 /* Info.plist */ = {isa = PBXFileReference; lastKnownFileType = text.plist.xml; path = Info.plist; sourceTree = "<group>"; };
		325ECA8A208E44EB00FFDAD7 /* Collection.swift */ = {isa = PBXFileReference; lastKnownFileType = sourcecode.swift; path = Collection.swift; sourceTree = "<group>"; };
		325ECA8C208E472C00FFDAD7 /* CollectionTableViewCell.swift */ = {isa = PBXFileReference; lastKnownFileType = sourcecode.swift; path = CollectionTableViewCell.swift; sourceTree = "<group>"; };
		325ECA8E208E650300FFDAD7 /* CollectionViewController.swift */ = {isa = PBXFileReference; lastKnownFileType = sourcecode.swift; path = CollectionViewController.swift; sourceTree = "<group>"; };
		325ECA90208E824500FFDAD7 /* ManageData.swift */ = {isa = PBXFileReference; lastKnownFileType = sourcecode.swift; path = ManageData.swift; sourceTree = "<group>"; };
		326EDE6A2095C52600C032C4 /* CheckInternet.swift */ = {isa = PBXFileReference; lastKnownFileType = sourcecode.swift; path = CheckInternet.swift; sourceTree = "<group>"; };
		32C4B4D32091FE65005A6449 /* DetailViewController.swift */ = {isa = PBXFileReference; lastKnownFileType = sourcecode.swift; path = DetailViewController.swift; sourceTree = "<group>"; };
		32C4B4D520920E17005A6449 /* GoogleService-Info.plist */ = {isa = PBXFileReference; fileEncoding = 4; lastKnownFileType = text.plist.xml; path = "GoogleService-Info.plist"; sourceTree = "<group>"; };
		32D2440B2095FC1400A5D60B /* LoadViewController.swift */ = {isa = PBXFileReference; lastKnownFileType = sourcecode.swift; path = LoadViewController.swift; sourceTree = "<group>"; };
		47243EDD53FBD0A5BBEA3DF9 /* Pods_Collection.framework */ = {isa = PBXFileReference; explicitFileType = wrapper.framework; includeInIndex = 0; path = Pods_Collection.framework; sourceTree = BUILT_PRODUCTS_DIR; };
		4E65739B887589AED91BDA77 /* Pods_CollectionTests.framework */ = {isa = PBXFileReference; explicitFileType = wrapper.framework; includeInIndex = 0; path = Pods_CollectionTests.framework; sourceTree = BUILT_PRODUCTS_DIR; };
		7A938D24AF60CF37975F10DE /* Pods-CollectionUITests.debug.xcconfig */ = {isa = PBXFileReference; includeInIndex = 1; lastKnownFileType = text.xcconfig; name = "Pods-CollectionUITests.debug.xcconfig"; path = "Pods/Target Support Files/Pods-CollectionUITests/Pods-CollectionUITests.debug.xcconfig"; sourceTree = "<group>"; };
		948432C9E5A3B49B5E9B6860 /* Pods-Collection.release.xcconfig */ = {isa = PBXFileReference; includeInIndex = 1; lastKnownFileType = text.xcconfig; name = "Pods-Collection.release.xcconfig"; path = "Pods/Target Support Files/Pods-Collection/Pods-Collection.release.xcconfig"; sourceTree = "<group>"; };
		966A3C8A6E9A23522E6D8051 /* Pods-CollectionTests.debug.xcconfig */ = {isa = PBXFileReference; includeInIndex = 1; lastKnownFileType = text.xcconfig; name = "Pods-CollectionTests.debug.xcconfig"; path = "Pods/Target Support Files/Pods-CollectionTests/Pods-CollectionTests.debug.xcconfig"; sourceTree = "<group>"; };
		C7E62884AF8CA6058A9D97F2 /* Pods_CollectionUITests.framework */ = {isa = PBXFileReference; explicitFileType = wrapper.framework; includeInIndex = 0; path = Pods_CollectionUITests.framework; sourceTree = BUILT_PRODUCTS_DIR; };
		D21C56E0D2E741FAC525FE44 /* Pods-Collection.debug.xcconfig */ = {isa = PBXFileReference; includeInIndex = 1; lastKnownFileType = text.xcconfig; name = "Pods-Collection.debug.xcconfig"; path = "Pods/Target Support Files/Pods-Collection/Pods-Collection.debug.xcconfig"; sourceTree = "<group>"; };
		E56274398D8816E5F3BB84CC /* Pods-CollectionUITests.release.xcconfig */ = {isa = PBXFileReference; includeInIndex = 1; lastKnownFileType = text.xcconfig; name = "Pods-CollectionUITests.release.xcconfig"; path = "Pods/Target Support Files/Pods-CollectionUITests/Pods-CollectionUITests.release.xcconfig"; sourceTree = "<group>"; };
/* End PBXFileReference section */

/* Begin PBXFrameworksBuildPhase section */
		325ECA56208E3BE700FFDAD7 /* Frameworks */ = {
			isa = PBXFrameworksBuildPhase;
			buildActionMask = 2147483647;
			files = (
				10EDC23442ADEBA243701DB5 /* Pods_Collection.framework in Frameworks */,
			);
			runOnlyForDeploymentPostprocessing = 0;
		};
		325ECA6A208E3BE800FFDAD7 /* Frameworks */ = {
			isa = PBXFrameworksBuildPhase;
			buildActionMask = 2147483647;
			files = (
				5ACCE57AF89CF30733A0A558 /* Pods_CollectionTests.framework in Frameworks */,
			);
			runOnlyForDeploymentPostprocessing = 0;
		};
		325ECA75208E3BE900FFDAD7 /* Frameworks */ = {
			isa = PBXFrameworksBuildPhase;
			buildActionMask = 2147483647;
			files = (
				FA23C8EEED1227C998B892C9 /* Pods_CollectionUITests.framework in Frameworks */,
			);
			runOnlyForDeploymentPostprocessing = 0;
		};
/* End PBXFrameworksBuildPhase section */

/* Begin PBXGroup section */
		325ECA50208E3BE700FFDAD7 = {
			isa = PBXGroup;
			children = (
				326EDE6A2095C52600C032C4 /* CheckInternet.swift */,
				325ECA5B208E3BE700FFDAD7 /* Collection */,
				325ECA70208E3BE800FFDAD7 /* CollectionTests */,
				325ECA7B208E3BE900FFDAD7 /* CollectionUITests */,
				325ECA5A208E3BE700FFDAD7 /* Products */,
				911E73A021AFD4F71C73E7BD /* Pods */,
				B75523D0F8BCF4B02C222745 /* Frameworks */,
			);
			sourceTree = "<group>";
		};
		325ECA5A208E3BE700FFDAD7 /* Products */ = {
			isa = PBXGroup;
			children = (
				325ECA59208E3BE700FFDAD7 /* Collection.app */,
				325ECA6D208E3BE800FFDAD7 /* CollectionTests.xctest */,
				325ECA78208E3BE900FFDAD7 /* CollectionUITests.xctest */,
			);
			name = Products;
			sourceTree = "<group>";
		};
		325ECA5B208E3BE700FFDAD7 /* Collection */ = {
			isa = PBXGroup;
			children = (
				324F42652092FE4300325B75 /* LoginViewController.swift */,
				325ECA5C208E3BE700FFDAD7 /* AppDelegate.swift */,
				325ECA5E208E3BE700FFDAD7 /* ViewController.swift */,
				325ECA8C208E472C00FFDAD7 /* CollectionTableViewCell.swift */,
				32C4B4D32091FE65005A6449 /* DetailViewController.swift */,
				325ECA8E208E650300FFDAD7 /* CollectionViewController.swift */,
				325ECA8A208E44EB00FFDAD7 /* Collection.swift */,
				325ECA90208E824500FFDAD7 /* ManageData.swift */,
				325ECA60208E3BE700FFDAD7 /* Main.storyboard */,
				325ECA63208E3BE800FFDAD7 /* Assets.xcassets */,
				325ECA65208E3BE800FFDAD7 /* LaunchScreen.storyboard */,
				325ECA68208E3BE800FFDAD7 /* Info.plist */,
				32C4B4D520920E17005A6449 /* GoogleService-Info.plist */,
				324F42672093036300325B75 /* manageFire.swift */,
				324F426B2093227000325B75 /* RegisterViewController.swift */,
				3218876420934959000AF559 /* User.swift */,
				32D2440B2095FC1400A5D60B /* LoadViewController.swift */,
			);
			path = Collection;
			sourceTree = "<group>";
		};
		325ECA70208E3BE800FFDAD7 /* CollectionTests */ = {
			isa = PBXGroup;
			children = (
				325ECA71208E3BE800FFDAD7 /* CollectionTests.swift */,
				325ECA73208E3BE900FFDAD7 /* Info.plist */,
			);
			path = CollectionTests;
			sourceTree = "<group>";
		};
		325ECA7B208E3BE900FFDAD7 /* CollectionUITests */ = {
			isa = PBXGroup;
			children = (
				325ECA7C208E3BE900FFDAD7 /* CollectionUITests.swift */,
				325ECA7E208E3BE900FFDAD7 /* Info.plist */,
			);
			path = CollectionUITests;
			sourceTree = "<group>";
		};
		911E73A021AFD4F71C73E7BD /* Pods */ = {
			isa = PBXGroup;
			children = (
				D21C56E0D2E741FAC525FE44 /* Pods-Collection.debug.xcconfig */,
				948432C9E5A3B49B5E9B6860 /* Pods-Collection.release.xcconfig */,
				966A3C8A6E9A23522E6D8051 /* Pods-CollectionTests.debug.xcconfig */,
				119F4FE34225B0055DBC6BA4 /* Pods-CollectionTests.release.xcconfig */,
				7A938D24AF60CF37975F10DE /* Pods-CollectionUITests.debug.xcconfig */,
				E56274398D8816E5F3BB84CC /* Pods-CollectionUITests.release.xcconfig */,
			);
			name = Pods;
			sourceTree = "<group>";
		};
		B75523D0F8BCF4B02C222745 /* Frameworks */ = {
			isa = PBXGroup;
			children = (
				47243EDD53FBD0A5BBEA3DF9 /* Pods_Collection.framework */,
				4E65739B887589AED91BDA77 /* Pods_CollectionTests.framework */,
				C7E62884AF8CA6058A9D97F2 /* Pods_CollectionUITests.framework */,
			);
			name = Frameworks;
			sourceTree = "<group>";
		};
/* End PBXGroup section */

/* Begin PBXNativeTarget section */
		325ECA58208E3BE700FFDAD7 /* Collection */ = {
			isa = PBXNativeTarget;
			buildConfigurationList = 325ECA81208E3BE900FFDAD7 /* Build configuration list for PBXNativeTarget "Collection" */;
			buildPhases = (
				6E2950A5C180748ADEB2F94E /* [CP] Check Pods Manifest.lock */,
				325ECA55208E3BE700FFDAD7 /* Sources */,
				325ECA56208E3BE700FFDAD7 /* Frameworks */,
				325ECA57208E3BE700FFDAD7 /* Resources */,
				C398CC55F7C7183E9777A3A5 /* [CP] Embed Pods Frameworks */,
			);
			buildRules = (
			);
			dependencies = (
			);
			name = Collection;
			productName = Collection;
			productReference = 325ECA59208E3BE700FFDAD7 /* Collection.app */;
			productType = "com.apple.product-type.application";
		};
		325ECA6C208E3BE800FFDAD7 /* CollectionTests */ = {
			isa = PBXNativeTarget;
			buildConfigurationList = 325ECA84208E3BE900FFDAD7 /* Build configuration list for PBXNativeTarget "CollectionTests" */;
			buildPhases = (
				8D4318F671B9FDEE72247182 /* [CP] Check Pods Manifest.lock */,
				325ECA69208E3BE800FFDAD7 /* Sources */,
				325ECA6A208E3BE800FFDAD7 /* Frameworks */,
				325ECA6B208E3BE800FFDAD7 /* Resources */,
			);
			buildRules = (
			);
			dependencies = (
				325ECA6F208E3BE800FFDAD7 /* PBXTargetDependency */,
			);
			name = CollectionTests;
			productName = CollectionTests;
			productReference = 325ECA6D208E3BE800FFDAD7 /* CollectionTests.xctest */;
			productType = "com.apple.product-type.bundle.unit-test";
		};
		325ECA77208E3BE900FFDAD7 /* CollectionUITests */ = {
			isa = PBXNativeTarget;
			buildConfigurationList = 325ECA87208E3BE900FFDAD7 /* Build configuration list for PBXNativeTarget "CollectionUITests" */;
			buildPhases = (
				C49F744F59FC6AB591B2BF74 /* [CP] Check Pods Manifest.lock */,
				325ECA74208E3BE900FFDAD7 /* Sources */,
				325ECA75208E3BE900FFDAD7 /* Frameworks */,
				325ECA76208E3BE900FFDAD7 /* Resources */,
			);
			buildRules = (
			);
			dependencies = (
				325ECA7A208E3BE900FFDAD7 /* PBXTargetDependency */,
			);
			name = CollectionUITests;
			productName = CollectionUITests;
			productReference = 325ECA78208E3BE900FFDAD7 /* CollectionUITests.xctest */;
			productType = "com.apple.product-type.bundle.ui-testing";
		};
/* End PBXNativeTarget section */

/* Begin PBXProject section */
		325ECA51208E3BE700FFDAD7 /* Project object */ = {
			isa = PBXProject;
			attributes = {
				LastSwiftUpdateCheck = 0930;
				LastUpgradeCheck = 0930;
				ORGANIZATIONNAME = test;
				TargetAttributes = {
					325ECA58208E3BE700FFDAD7 = {
						CreatedOnToolsVersion = 9.3;
					};
					325ECA6C208E3BE800FFDAD7 = {
						CreatedOnToolsVersion = 9.3;
						TestTargetID = 325ECA58208E3BE700FFDAD7;
					};
					325ECA77208E3BE900FFDAD7 = {
						CreatedOnToolsVersion = 9.3;
						TestTargetID = 325ECA58208E3BE700FFDAD7;
					};
				};
			};
			buildConfigurationList = 325ECA54208E3BE700FFDAD7 /* Build configuration list for PBXProject "Collection" */;
			compatibilityVersion = "Xcode 9.3";
			developmentRegion = en;
			hasScannedForEncodings = 0;
			knownRegions = (
				en,
				Base,
			);
			mainGroup = 325ECA50208E3BE700FFDAD7;
			productRefGroup = 325ECA5A208E3BE700FFDAD7 /* Products */;
			projectDirPath = "";
			projectRoot = "";
			targets = (
				325ECA58208E3BE700FFDAD7 /* Collection */,
				325ECA6C208E3BE800FFDAD7 /* CollectionTests */,
				325ECA77208E3BE900FFDAD7 /* CollectionUITests */,
			);
		};
/* End PBXProject section */

/* Begin PBXResourcesBuildPhase section */
		325ECA57208E3BE700FFDAD7 /* Resources */ = {
			isa = PBXResourcesBuildPhase;
			buildActionMask = 2147483647;
			files = (
				325ECA67208E3BE800FFDAD7 /* LaunchScreen.storyboard in Resources */,
				325ECA64208E3BE800FFDAD7 /* Assets.xcassets in Resources */,
				325ECA62208E3BE700FFDAD7 /* Main.storyboard in Resources */,
				32C4B4D620920E17005A6449 /* GoogleService-Info.plist in Resources */,
			);
			runOnlyForDeploymentPostprocessing = 0;
		};
		325ECA6B208E3BE800FFDAD7 /* Resources */ = {
			isa = PBXResourcesBuildPhase;
			buildActionMask = 2147483647;
			files = (
			);
			runOnlyForDeploymentPostprocessing = 0;
		};
		325ECA76208E3BE900FFDAD7 /* Resources */ = {
			isa = PBXResourcesBuildPhase;
			buildActionMask = 2147483647;
			files = (
			);
			runOnlyForDeploymentPostprocessing = 0;
		};
/* End PBXResourcesBuildPhase section */

/* Begin PBXShellScriptBuildPhase section */
		6E2950A5C180748ADEB2F94E /* [CP] Check Pods Manifest.lock */ = {
			isa = PBXShellScriptBuildPhase;
			buildActionMask = 2147483647;
			files = (
			);
			inputPaths = (
				"${PODS_PODFILE_DIR_PATH}/Podfile.lock",
				"${PODS_ROOT}/Manifest.lock",
			);
			name = "[CP] Check Pods Manifest.lock";
			outputPaths = (
				"$(DERIVED_FILE_DIR)/Pods-Collection-checkManifestLockResult.txt",
			);
			runOnlyForDeploymentPostprocessing = 0;
			shellPath = /bin/sh;
			shellScript = "diff \"${PODS_PODFILE_DIR_PATH}/Podfile.lock\" \"${PODS_ROOT}/Manifest.lock\" > /dev/null\nif [ $? != 0 ] ; then\n    # print error to STDERR\n    echo \"error: The sandbox is not in sync with the Podfile.lock. Run 'pod install' or update your CocoaPods installation.\" >&2\n    exit 1\nfi\n# This output is used by Xcode 'outputs' to avoid re-running this script phase.\necho \"SUCCESS\" > \"${SCRIPT_OUTPUT_FILE_0}\"\n";
			showEnvVarsInLog = 0;
		};
		8D4318F671B9FDEE72247182 /* [CP] Check Pods Manifest.lock */ = {
			isa = PBXShellScriptBuildPhase;
			buildActionMask = 2147483647;
			files = (
			);
			inputPaths = (
				"${PODS_PODFILE_DIR_PATH}/Podfile.lock",
				"${PODS_ROOT}/Manifest.lock",
			);
			name = "[CP] Check Pods Manifest.lock";
			outputPaths = (
				"$(DERIVED_FILE_DIR)/Pods-CollectionTests-checkManifestLockResult.txt",
			);
			runOnlyForDeploymentPostprocessing = 0;
			shellPath = /bin/sh;
			shellScript = "diff \"${PODS_PODFILE_DIR_PATH}/Podfile.lock\" \"${PODS_ROOT}/Manifest.lock\" > /dev/null\nif [ $? != 0 ] ; then\n    # print error to STDERR\n    echo \"error: The sandbox is not in sync with the Podfile.lock. Run 'pod install' or update your CocoaPods installation.\" >&2\n    exit 1\nfi\n# This output is used by Xcode 'outputs' to avoid re-running this script phase.\necho \"SUCCESS\" > \"${SCRIPT_OUTPUT_FILE_0}\"\n";
			showEnvVarsInLog = 0;
		};
		C398CC55F7C7183E9777A3A5 /* [CP] Embed Pods Frameworks */ = {
			isa = PBXShellScriptBuildPhase;
			buildActionMask = 2147483647;
			files = (
			);
			inputPaths = (
				"${SRCROOT}/Pods/Target Support Files/Pods-Collection/Pods-Collection-frameworks.sh",
				"${BUILT_PRODUCTS_DIR}/GTMSessionFetcher/GTMSessionFetcher.framework",
				"${BUILT_PRODUCTS_DIR}/GoogleToolboxForMac/GoogleToolboxForMac.framework",
				"${BUILT_PRODUCTS_DIR}/leveldb-library/leveldb.framework",
				"${BUILT_PRODUCTS_DIR}/nanopb/nanopb.framework",
			);
			name = "[CP] Embed Pods Frameworks";
			outputPaths = (
				"${TARGET_BUILD_DIR}/${FRAMEWORKS_FOLDER_PATH}/GTMSessionFetcher.framework",
				"${TARGET_BUILD_DIR}/${FRAMEWORKS_FOLDER_PATH}/GoogleToolboxForMac.framework",
				"${TARGET_BUILD_DIR}/${FRAMEWORKS_FOLDER_PATH}/leveldb.framework",
				"${TARGET_BUILD_DIR}/${FRAMEWORKS_FOLDER_PATH}/nanopb.framework",
			);
			runOnlyForDeploymentPostprocessing = 0;
			shellPath = /bin/sh;
			shellScript = "\"${SRCROOT}/Pods/Target Support Files/Pods-Collection/Pods-Collection-frameworks.sh\"\n";
			showEnvVarsInLog = 0;
		};
		C49F744F59FC6AB591B2BF74 /* [CP] Check Pods Manifest.lock */ = {
			isa = PBXShellScriptBuildPhase;
			buildActionMask = 2147483647;
			files = (
			);
			inputPaths = (
				"${PODS_PODFILE_DIR_PATH}/Podfile.lock",
				"${PODS_ROOT}/Manifest.lock",
			);
			name = "[CP] Check Pods Manifest.lock";
			outputPaths = (
				"$(DERIVED_FILE_DIR)/Pods-CollectionUITests-checkManifestLockResult.txt",
			);
			runOnlyForDeploymentPostprocessing = 0;
			shellPath = /bin/sh;
			shellScript = "diff \"${PODS_PODFILE_DIR_PATH}/Podfile.lock\" \"${PODS_ROOT}/Manifest.lock\" > /dev/null\nif [ $? != 0 ] ; then\n    # print error to STDERR\n    echo \"error: The sandbox is not in sync with the Podfile.lock. Run 'pod install' or update your CocoaPods installation.\" >&2\n    exit 1\nfi\n# This output is used by Xcode 'outputs' to avoid re-running this script phase.\necho \"SUCCESS\" > \"${SCRIPT_OUTPUT_FILE_0}\"\n";
			showEnvVarsInLog = 0;
		};
/* End PBXShellScriptBuildPhase section */

/* Begin PBXSourcesBuildPhase section */
		325ECA55208E3BE700FFDAD7 /* Sources */ = {
			isa = PBXSourcesBuildPhase;
			buildActionMask = 2147483647;
			files = (
				325ECA91208E824500FFDAD7 /* ManageData.swift in Sources */,
				326EDE6B2095C52600C032C4 /* CheckInternet.swift in Sources */,
				324F426C2093227000325B75 /* RegisterViewController.swift in Sources */,
				325ECA8B208E44EB00FFDAD7 /* Collection.swift in Sources */,
				32D2440C2095FC1400A5D60B /* LoadViewController.swift in Sources */,
				325ECA5F208E3BE700FFDAD7 /* ViewController.swift in Sources */,
				325ECA5D208E3BE700FFDAD7 /* AppDelegate.swift in Sources */,
				324F42682093036300325B75 /* manageFire.swift in Sources */,
				324F42662092FE4300325B75 /* LoginViewController.swift in Sources */,
				325ECA8D208E472C00FFDAD7 /* CollectionTableViewCell.swift in Sources */,
				325ECA8F208E650300FFDAD7 /* CollectionViewController.swift in Sources */,
				32C4B4D42091FE65005A6449 /* DetailViewController.swift in Sources */,
				3218876520934959000AF559 /* User.swift in Sources */,
			);
			runOnlyForDeploymentPostprocessing = 0;
		};
		325ECA69208E3BE800FFDAD7 /* Sources */ = {
			isa = PBXSourcesBuildPhase;
			buildActionMask = 2147483647;
			files = (
				325ECA72208E3BE800FFDAD7 /* CollectionTests.swift in Sources */,
			);
			runOnlyForDeploymentPostprocessing = 0;
		};
		325ECA74208E3BE900FFDAD7 /* Sources */ = {
			isa = PBXSourcesBuildPhase;
			buildActionMask = 2147483647;
			files = (
				325ECA7D208E3BE900FFDAD7 /* CollectionUITests.swift in Sources */,
			);
			runOnlyForDeploymentPostprocessing = 0;
		};
/* End PBXSourcesBuildPhase section */

/* Begin PBXTargetDependency section */
		325ECA6F208E3BE800FFDAD7 /* PBXTargetDependency */ = {
			isa = PBXTargetDependency;
			target = 325ECA58208E3BE700FFDAD7 /* Collection */;
			targetProxy = 325ECA6E208E3BE800FFDAD7 /* PBXContainerItemProxy */;
		};
		325ECA7A208E3BE900FFDAD7 /* PBXTargetDependency */ = {
			isa = PBXTargetDependency;
			target = 325ECA58208E3BE700FFDAD7 /* Collection */;
			targetProxy = 325ECA79208E3BE900FFDAD7 /* PBXContainerItemProxy */;
		};
/* End PBXTargetDependency section */

/* Begin PBXVariantGroup section */
		325ECA60208E3BE700FFDAD7 /* Main.storyboard */ = {
			isa = PBXVariantGroup;
			children = (
				325ECA61208E3BE700FFDAD7 /* Base */,
			);
			name = Main.storyboard;
			sourceTree = "<group>";
		};
		325ECA65208E3BE800FFDAD7 /* LaunchScreen.storyboard */ = {
			isa = PBXVariantGroup;
			children = (
				325ECA66208E3BE800FFDAD7 /* Base */,
			);
			name = LaunchScreen.storyboard;
			sourceTree = "<group>";
		};
/* End PBXVariantGroup section */

/* Begin XCBuildConfiguration section */
		325ECA7F208E3BE900FFDAD7 /* Debug */ = {
			isa = XCBuildConfiguration;
			buildSettings = {
				ALWAYS_SEARCH_USER_PATHS = NO;
				CLANG_ANALYZER_NONNULL = YES;
				CLANG_ANALYZER_NUMBER_OBJECT_CONVERSION = YES_AGGRESSIVE;
				CLANG_CXX_LANGUAGE_STANDARD = "gnu++14";
				CLANG_CXX_LIBRARY = "libc++";
				CLANG_ENABLE_MODULES = YES;
				CLANG_ENABLE_OBJC_ARC = YES;
				CLANG_ENABLE_OBJC_WEAK = YES;
				CLANG_WARN_BLOCK_CAPTURE_AUTORELEASING = YES;
				CLANG_WARN_BOOL_CONVERSION = YES;
				CLANG_WARN_COMMA = YES;
				CLANG_WARN_CONSTANT_CONVERSION = YES;
				CLANG_WARN_DEPRECATED_OBJC_IMPLEMENTATIONS = YES;
				CLANG_WARN_DIRECT_OBJC_ISA_USAGE = YES_ERROR;
				CLANG_WARN_DOCUMENTATION_COMMENTS = YES;
				CLANG_WARN_EMPTY_BODY = YES;
				CLANG_WARN_ENUM_CONVERSION = YES;
				CLANG_WARN_INFINITE_RECURSION = YES;
				CLANG_WARN_INT_CONVERSION = YES;
				CLANG_WARN_NON_LITERAL_NULL_CONVERSION = YES;
				CLANG_WARN_OBJC_IMPLICIT_RETAIN_SELF = YES;
				CLANG_WARN_OBJC_LITERAL_CONVERSION = YES;
				CLANG_WARN_OBJC_ROOT_CLASS = YES_ERROR;
				CLANG_WARN_RANGE_LOOP_ANALYSIS = YES;
				CLANG_WARN_STRICT_PROTOTYPES = YES;
				CLANG_WARN_SUSPICIOUS_MOVE = YES;
				CLANG_WARN_UNGUARDED_AVAILABILITY = YES_AGGRESSIVE;
				CLANG_WARN_UNREACHABLE_CODE = YES;
				CLANG_WARN__DUPLICATE_METHOD_MATCH = YES;
				CODE_SIGN_IDENTITY = "iPhone Developer";
				COPY_PHASE_STRIP = NO;
				DEBUG_INFORMATION_FORMAT = dwarf;
				ENABLE_STRICT_OBJC_MSGSEND = YES;
				ENABLE_TESTABILITY = YES;
				GCC_C_LANGUAGE_STANDARD = gnu11;
				GCC_DYNAMIC_NO_PIC = NO;
				GCC_NO_COMMON_BLOCKS = YES;
				GCC_OPTIMIZATION_LEVEL = 0;
				GCC_PREPROCESSOR_DEFINITIONS = (
					"DEBUG=1",
					"$(inherited)",
				);
				GCC_WARN_64_TO_32_BIT_CONVERSION = YES;
				GCC_WARN_ABOUT_RETURN_TYPE = YES_ERROR;
				GCC_WARN_UNDECLARED_SELECTOR = YES;
				GCC_WARN_UNINITIALIZED_AUTOS = YES_AGGRESSIVE;
				GCC_WARN_UNUSED_FUNCTION = YES;
				GCC_WARN_UNUSED_VARIABLE = YES;
				IPHONEOS_DEPLOYMENT_TARGET = 11.3;
				MTL_ENABLE_DEBUG_INFO = YES;
				ONLY_ACTIVE_ARCH = NO;
				SDKROOT = iphoneos;
				SWIFT_ACTIVE_COMPILATION_CONDITIONS = DEBUG;
				SWIFT_OPTIMIZATION_LEVEL = "-Onone";
			};
			name = Debug;
		};
		325ECA80208E3BE900FFDAD7 /* Release */ = {
			isa = XCBuildConfiguration;
			buildSettings = {
				ALWAYS_SEARCH_USER_PATHS = NO;
				CLANG_ANALYZER_NONNULL = YES;
				CLANG_ANALYZER_NUMBER_OBJECT_CONVERSION = YES_AGGRESSIVE;
				CLANG_CXX_LANGUAGE_STANDARD = "gnu++14";
				CLANG_CXX_LIBRARY = "libc++";
				CLANG_ENABLE_MODULES = YES;
				CLANG_ENABLE_OBJC_ARC = YES;
				CLANG_ENABLE_OBJC_WEAK = YES;
				CLANG_WARN_BLOCK_CAPTURE_AUTORELEASING = YES;
				CLANG_WARN_BOOL_CONVERSION = YES;
				CLANG_WARN_COMMA = YES;
				CLANG_WARN_CONSTANT_CONVERSION = YES;
				CLANG_WARN_DEPRECATED_OBJC_IMPLEMENTATIONS = YES;
				CLANG_WARN_DIRECT_OBJC_ISA_USAGE = YES_ERROR;
				CLANG_WARN_DOCUMENTATION_COMMENTS = YES;
				CLANG_WARN_EMPTY_BODY = YES;
				CLANG_WARN_ENUM_CONVERSION = YES;
				CLANG_WARN_INFINITE_RECURSION = YES;
				CLANG_WARN_INT_CONVERSION = YES;
				CLANG_WARN_NON_LITERAL_NULL_CONVERSION = YES;
				CLANG_WARN_OBJC_IMPLICIT_RETAIN_SELF = YES;
				CLANG_WARN_OBJC_LITERAL_CONVERSION = YES;
				CLANG_WARN_OBJC_ROOT_CLASS = YES_ERROR;
				CLANG_WARN_RANGE_LOOP_ANALYSIS = YES;
				CLANG_WARN_STRICT_PROTOTYPES = YES;
				CLANG_WARN_SUSPICIOUS_MOVE = YES;
				CLANG_WARN_UNGUARDED_AVAILABILITY = YES_AGGRESSIVE;
				CLANG_WARN_UNREACHABLE_CODE = YES;
				CLANG_WARN__DUPLICATE_METHOD_MATCH = YES;
				CODE_SIGN_IDENTITY = "iPhone Developer";
				COPY_PHASE_STRIP = NO;
				DEBUG_INFORMATION_FORMAT = "dwarf-with-dsym";
				ENABLE_NS_ASSERTIONS = NO;
				ENABLE_STRICT_OBJC_MSGSEND = YES;
				GCC_C_LANGUAGE_STANDARD = gnu11;
				GCC_NO_COMMON_BLOCKS = YES;
				GCC_WARN_64_TO_32_BIT_CONVERSION = YES;
				GCC_WARN_ABOUT_RETURN_TYPE = YES_ERROR;
				GCC_WARN_UNDECLARED_SELECTOR = YES;
				GCC_WARN_UNINITIALIZED_AUTOS = YES_AGGRESSIVE;
				GCC_WARN_UNUSED_FUNCTION = YES;
				GCC_WARN_UNUSED_VARIABLE = YES;
				IPHONEOS_DEPLOYMENT_TARGET = 11.3;
				MTL_ENABLE_DEBUG_INFO = NO;
				SDKROOT = iphoneos;
				SWIFT_COMPILATION_MODE = wholemodule;
				SWIFT_OPTIMIZATION_LEVEL = "-O";
				VALIDATE_PRODUCT = YES;
			};
			name = Release;
		};
		325ECA82208E3BE900FFDAD7 /* Debug */ = {
			isa = XCBuildConfiguration;
			baseConfigurationReference = D21C56E0D2E741FAC525FE44 /* Pods-Collection.debug.xcconfig */;
			buildSettings = {
				ASSETCATALOG_COMPILER_APPICON_NAME = AppIcon;
				CODE_SIGN_STYLE = Automatic;
				DEVELOPMENT_TEAM = 738A79S8S6;
				FRAMEWORK_SEARCH_PATHS = (
					"$(inherited)",
					"\"${PODS_ROOT}/FirebaseAnalytics/Frameworks\"",
					"\"${PODS_ROOT}/FirebaseAuth/Frameworks\"",
					"\"${PODS_ROOT}/FirebaseDatabase/Frameworks\"",
					"\"${PODS_ROOT}/FirebaseInstanceID/Frameworks\"",
					"\"${PODS_ROOT}/FirebaseCore/Frameworks\"",
					"\"${PODS_ROOT}/FirebaseStorage/Frameworks\"",
				);
				INFOPLIST_FILE = Collection/Info.plist;
				LD_RUNPATH_SEARCH_PATHS = (
					"$(inherited)",
					"@executable_path/Frameworks",
				);
				MTL_ENABLE_DEBUG_INFO = NO;
				PRODUCT_BUNDLE_IDENTIFIER = com.OEKB.PostTodayNaJa;
				PRODUCT_NAME = "$(TARGET_NAME)";
				SWIFT_VERSION = 4.0;
				TARGETED_DEVICE_FAMILY = "1,2";
			};
			name = Debug;
		};
		325ECA83208E3BE900FFDAD7 /* Release */ = {
			isa = XCBuildConfiguration;
			baseConfigurationReference = 948432C9E5A3B49B5E9B6860 /* Pods-Collection.release.xcconfig */;
			buildSettings = {
				ASSETCATALOG_COMPILER_APPICON_NAME = AppIcon;
				CODE_SIGN_STYLE = Automatic;
				DEVELOPMENT_TEAM = 738A79S8S6;
				FRAMEWORK_SEARCH_PATHS = (
					"$(inherited)",
					"\"${PODS_ROOT}/FirebaseAnalytics/Frameworks\"",
					"\"${PODS_ROOT}/FirebaseCore/Frameworks\"",
					"\"${PODS_ROOT}/FirebaseAuth/Frameworks\"",
					"\"${PODS_ROOT}/FirebaseDatabase/Frameworks\"",
					"\"${PODS_ROOT}/FirebaseInstanceID/Frameworks\"",
					"\"${PODS_ROOT}/FirebaseStorage/Frameworks\"",
				);
				INFOPLIST_FILE = Collection/Info.plist;
				LD_RUNPATH_SEARCH_PATHS = (
					"$(inherited)",
					"@executable_path/Frameworks",
				);
				PRODUCT_BUNDLE_IDENTIFIER = com.OEKB.PostTodayNaJa;
				PRODUCT_NAME = "$(TARGET_NAME)";
				SWIFT_VERSION = 4.0;
				TARGETED_DEVICE_FAMILY = "1,2";
			};
			name = Release;
		};
		325ECA85208E3BE900FFDAD7 /* Debug */ = {
			isa = XCBuildConfiguration;
			baseConfigurationReference = 966A3C8A6E9A23522E6D8051 /* Pods-CollectionTests.debug.xcconfig */;
			buildSettings = {
				ALWAYS_EMBED_SWIFT_STANDARD_LIBRARIES = YES;
				BUNDLE_LOADER = "$(TEST_HOST)";
				CODE_SIGN_STYLE = Automatic;
				INFOPLIST_FILE = CollectionTests/Info.plist;
				LD_RUNPATH_SEARCH_PATHS = (
					"$(inherited)",
					"@executable_path/Frameworks",
					"@loader_path/Frameworks",
				);
				PRODUCT_BUNDLE_IDENTIFIER = test.CollectionTests;
				PRODUCT_NAME = "$(TARGET_NAME)";
				SWIFT_VERSION = 4.0;
				TARGETED_DEVICE_FAMILY = "1,2";
				TEST_HOST = "$(BUILT_PRODUCTS_DIR)/Collection.app/Collection";
			};
			name = Debug;
		};
		325ECA86208E3BE900FFDAD7 /* Release */ = {
			isa = XCBuildConfiguration;
			baseConfigurationReference = 119F4FE34225B0055DBC6BA4 /* Pods-CollectionTests.release.xcconfig */;
			buildSettings = {
				ALWAYS_EMBED_SWIFT_STANDARD_LIBRARIES = YES;
				BUNDLE_LOADER = "$(TEST_HOST)";
				CODE_SIGN_STYLE = Automatic;
				INFOPLIST_FILE = CollectionTests/Info.plist;
				LD_RUNPATH_SEARCH_PATHS = (
					"$(inherited)",
					"@executable_path/Frameworks",
					"@loader_path/Frameworks",
				);
				PRODUCT_BUNDLE_IDENTIFIER = test.CollectionTests;
				PRODUCT_NAME = "$(TARGET_NAME)";
				SWIFT_VERSION = 4.0;
				TARGETED_DEVICE_FAMILY = "1,2";
				TEST_HOST = "$(BUILT_PRODUCTS_DIR)/Collection.app/Collection";
			};
			name = Release;
		};
		325ECA88208E3BE900FFDAD7 /* Debug */ = {
			isa = XCBuildConfiguration;
			baseConfigurationReference = 7A938D24AF60CF37975F10DE /* Pods-CollectionUITests.debug.xcconfig */;
			buildSettings = {
				ALWAYS_EMBED_SWIFT_STANDARD_LIBRARIES = YES;
				CODE_SIGN_STYLE = Automatic;
				INFOPLIST_FILE = CollectionUITests/Info.plist;
				LD_RUNPATH_SEARCH_PATHS = (
					"$(inherited)",
					"@executable_path/Frameworks",
					"@loader_path/Frameworks",
				);
				PRODUCT_BUNDLE_IDENTIFIER = test.CollectionUITests;
				PRODUCT_NAME = "$(TARGET_NAME)";
				SWIFT_VERSION = 4.0;
				TARGETED_DEVICE_FAMILY = "1,2";
				TEST_TARGET_NAME = Collection;
			};
			name = Debug;
		};
		325ECA89208E3BE900FFDAD7 /* Release */ = {
			isa = XCBuildConfiguration;
			baseConfigurationReference = E56274398D8816E5F3BB84CC /* Pods-CollectionUITests.release.xcconfig */;
			buildSettings = {
				ALWAYS_EMBED_SWIFT_STANDARD_LIBRARIES = YES;
				CODE_SIGN_STYLE = Automatic;
				INFOPLIST_FILE = CollectionUITests/Info.plist;
				LD_RUNPATH_SEARCH_PATHS = (
					"$(inherited)",
					"@executable_path/Frameworks",
					"@loader_path/Frameworks",
				);
				PRODUCT_BUNDLE_IDENTIFIER = test.CollectionUITests;
				PRODUCT_NAME = "$(TARGET_NAME)";
				SWIFT_VERSION = 4.0;
				TARGETED_DEVICE_FAMILY = "1,2";
				TEST_TARGET_NAME = Collection;
			};
			name = Release;
		};
/* End XCBuildConfiguration section */

/* Begin XCConfigurationList section */
		325ECA54208E3BE700FFDAD7 /* Build configuration list for PBXProject "Collection" */ = {
			isa = XCConfigurationList;
			buildConfigurations = (
				325ECA7F208E3BE900FFDAD7 /* Debug */,
				325ECA80208E3BE900FFDAD7 /* Release */,
			);
			defaultConfigurationIsVisible = 0;
			defaultConfigurationName = Release;
		};
		325ECA81208E3BE900FFDAD7 /* Build configuration list for PBXNativeTarget "Collection" */ = {
			isa = XCConfigurationList;
			buildConfigurations = (
				325ECA82208E3BE900FFDAD7 /* Debug */,
				325ECA83208E3BE900FFDAD7 /* Release */,
			);
			defaultConfigurationIsVisible = 0;
			defaultConfigurationName = Release;
		};
		325ECA84208E3BE900FFDAD7 /* Build configuration list for PBXNativeTarget "CollectionTests" */ = {
			isa = XCConfigurationList;
			buildConfigurations = (
				325ECA85208E3BE900FFDAD7 /* Debug */,
				325ECA86208E3BE900FFDAD7 /* Release */,
			);
			defaultConfigurationIsVisible = 0;
			defaultConfigurationName = Release;
		};
		325ECA87208E3BE900FFDAD7 /* Build configuration list for PBXNativeTarget "CollectionUITests" */ = {
			isa = XCConfigurationList;
			buildConfigurations = (
				325ECA88208E3BE900FFDAD7 /* Debug */,
				325ECA89208E3BE900FFDAD7 /* Release */,
			);
			defaultConfigurationIsVisible = 0;
			defaultConfigurationName = Release;
		};
/* End XCConfigurationList section */
	};
	rootObject = 325ECA51208E3BE700FFDAD7 /* Project object */;
}
